{
  "name": "node-red-contrib-rokid-tts",
  "version": "1.0.2",
  "lockfileVersion": 1,
  "requires": true,
  "dependencies": {
    "node-sha1": {
      "version": "1.0.1",
      "resolved": "https://registry.npmjs.org/node-sha1/-/node-sha1-1.0.1.tgz",
      "integrity": "sha1-Mu2EfYUTFXuW3sa3noxHvK63jhw="
    }
  }
}
